
Microsoft Visual Studio Solution File, Format Version 12.00
# Visual Studio 15
VisualStudioVersion = 15.0.27703.2047
MinimumVisualStudioVersion = 10.0.40219.1
Project("{FAE04EC0-301F-11D3-BF4B-00C04F79EFBC}") = "ChangeDetector", "ChangeDetector\ChangeDetector.csproj", "{FB1CB55D-DCD0-4BC6-BD69-4B16661851B0}"
EndProject
Project("{FAE04EC0-301F-11D3-BF4B-00C04F79EFBC}") = "InputProvider", "InputProvider\InputProvider.csproj", "{1F57E4C5-B563-4A09-B19C-FC55CA8BBCD6}"
EndProject
Project("{FAE04EC0-301F-11D3-BF4B-00C04F79EFBC}") = "Domain", "Domain\Domain.csproj", "{35FC24A0-FDC3-407C-A40D-1B82B4726B38}"
EndProject
Project("{FAE04EC0-301F-11D3-BF4B-00C04F79EFBC}") = "Test", "Test\Test.csproj", "{9D1392ED-14BD-4504-9ED1-54B767437991}"
EndProject
Project("{FAE04EC0-301F-11D3-BF4B-00C04F79EFBC}") = "SendAPicOnChange", "SendAPicOnChange\SendAPicOnChange.csproj", "{19C472AA-EC3D-41DF-9AAC-77CD3D1BB80F}"
EndProject
Project("{FAE04EC0-301F-11D3-BF4B-00C04F79EFBC}") = "Presenter", "Presenter\Presenter.csproj", "{FD3765D9-A595-4076-B274-7C19422A7E9F}"
EndProject
Global
	GlobalSection(SolutionConfigurationPlatforms) = preSolution
		Debug|Any CPU = Debug|Any CPU
		Release|Any CPU = Release|Any CPU
	EndGlobalSection
	GlobalSection(ProjectConfigurationPlatforms) = postSolution
		{FB1CB55D-DCD0-4BC6-BD69-4B16661851B0}.Debug|Any CPU.ActiveCfg = Debug|Any CPU
		{FB1CB55D-DCD0-4BC6-BD69-4B16661851B0}.Debug|Any CPU.Build.0 = Debug|Any CPU
		{FB1CB55D-DCD0-4BC6-BD69-4B16661851B0}.Release|Any CPU.ActiveCfg = Release|Any CPU
		{FB1CB55D-DCD0-4BC6-BD69-4B16661851B0}.Release|Any CPU.Build.0 = Release|Any CPU
		{1F57E4C5-B563-4A09-B19C-FC55CA8BBCD6}.Debug|Any CPU.ActiveCfg = Debug|Any CPU
		{1F57E4C5-B563-4A09-B19C-FC55CA8BBCD6}.Debug|Any CPU.Build.0 = Debug|Any CPU
		{1F57E4C5-B563-4A09-B19C-FC55CA8BBCD6}.Release|Any CPU.ActiveCfg = Release|Any CPU
		{1F57E4C5-B563-4A09-B19C-FC55CA8BBCD6}.Release|Any CPU.Build.0 = Release|Any CPU
		{35FC24A0-FDC3-407C-A40D-1B82B4726B38}.Debug|Any CPU.ActiveCfg = Debug|Any CPU
		{35FC24A0-FDC3-407C-A40D-1B82B4726B38}.Debug|Any CPU.Build.0 = Debug|Any CPU
		{35FC24A0-FDC3-407C-A40D-1B82B4726B38}.Release|Any CPU.ActiveCfg = Release|Any CPU
		{35FC24A0-FDC3-407C-A40D-1B82B4726B38}.Release|Any CPU.Build.0 = Release|Any CPU
		{9D1392ED-14BD-4504-9ED1-54B767437991}.Debug|Any CPU.ActiveCfg = Debug|Any CPU
		{9D1392ED-14BD-4504-9ED1-54B767437991}.Debug|Any CPU.Build.0 = Debug|Any CPU
		{9D1392ED-14BD-4504-9ED1-54B767437991}.Release|Any CPU.ActiveCfg = Release|Any CPU
		{9D1392ED-14BD-4504-9ED1-54B767437991}.Release|Any CPU.Build.0 = Release|Any CPU
		{19C472AA-EC3D-41DF-9AAC-77CD3D1BB80F}.Debug|Any CPU.ActiveCfg = Debug|Any CPU
		{19C472AA-EC3D-41DF-9AAC-77CD3D1BB80F}.Debug|Any CPU.Build.0 = Debug|Any CPU
		{19C472AA-EC3D-41DF-9AAC-77CD3D1BB80F}.Release|Any CPU.ActiveCfg = Release|Any CPU
		{19C472AA-EC3D-41DF-9AAC-77CD3D1BB80F}.Release|Any CPU.Build.0 = Release|Any CPU
		{FD3765D9-A595-4076-B274-7C19422A7E9F}.Debug|Any CPU.ActiveCfg = Debug|Any CPU
		{FD3765D9-A595-4076-B274-7C19422A7E9F}.Debug|Any CPU.Build.0 = Debug|Any CPU
		{FD3765D9-A595-4076-B274-7C19422A7E9F}.Release|Any CPU.ActiveCfg = Release|Any CPU
		{FD3765D9-A595-4076-B274-7C19422A7E9F}.Release|Any CPU.Build.0 = Release|Any CPU
	EndGlobalSection
	GlobalSection(SolutionProperties) = preSolution
		HideSolutionNode = FALSE
	EndGlobalSection
	GlobalSection(ExtensibilityGlobals) = postSolution
		SolutionGuid = {7D7591D4-4B3C-4C44-88B9-2CFEDCA5A972}
	EndGlobalSection
EndGlobal
